
Microsoft Visual Studio Solution File, Format Version 12.00
# Visual Studio Version 16
VisualStudioVersion = 16.0.30523.141
MinimumVisualStudioVersion = 10.0.40219.1
Project("{FAE04EC0-301F-11D3-BF4B-00C04F79EFBC}") = "ComicBookGallery", "ComicBookGallery.csproj", "{18C23F2E-1B79-48AC-BF49-DAE39677ACD0}"
EndProject
Global
	GlobalSection(SolutionConfigurationPlatforms) = preSolution
		Debug|Any CPU = Debug|Any CPU
		Release|Any CPU = Release|Any CPU
	EndGlobalSection
	GlobalSection(ProjectConfigurationPlatforms) = postSolution
		{18C23F2E-1B79-48AC-BF49-DAE39677ACD0}.Debug|Any CPU.ActiveCfg = Debug|Any CPU
		{18C23F2E-1B79-48AC-BF49-DAE39677ACD0}.Debug|Any CPU.Build.0 = Debug|Any CPU
		{18C23F2E-1B79-48AC-BF49-DAE39677ACD0}.Release|Any CPU.ActiveCfg = Release|Any CPU
		{18C23F2E-1B79-48AC-BF49-DAE39677ACD0}.Release|Any CPU.Build.0 = Release|Any CPU
	EndGlobalSection
	GlobalSection(SolutionProperties) = preSolution
		HideSolutionNode = FALSE
	EndGlobalSection
	GlobalSection(ExtensibilityGlobals) = postSolution
		SolutionGuid = {DF63E6A1-B291-4DB0-AB05-C51C09AC39B2}
	EndGlobalSection
EndGlobal
